
Microsoft Visual Studio Solution File, Format Version 12.00
# Visual Studio Version 17
VisualStudioVersion = 17.11.35303.130
MinimumVisualStudioVersion = 10.0.40219.1
Project("{8BC9CEB8-8B4A-11D0-8D11-00A0C91BC942}") = "Lab3", "Lab3\Lab3.vcxproj", "{26F43F31-7863-4750-9749-590F1C4282ED}"
EndProject
Global
	GlobalSection(SolutionConfigurationPlatforms) = preSolution
		Debug|x64 = Debug|x64
		Debug|x86 = Debug|x86
		Release|x64 = Release|x64
		Release|x86 = Release|x86
	EndGlobalSection
	GlobalSection(ProjectConfigurationPlatforms) = postSolution
		{26F43F31-7863-4750-9749-590F1C4282ED}.Debug|x64.ActiveCfg = Debug|x64
		{26F43F31-7863-4750-9749-590F1C4282ED}.Debug|x64.Build.0 = Debug|x64
		{26F43F31-7863-4750-9749-590F1C4282ED}.Debug|x86.ActiveCfg = Debug|Win32
		{26F43F31-7863-4750-9749-590F1C4282ED}.Debug|x86.Build.0 = Debug|Win32
		{26F43F31-7863-4750-9749-590F1C4282ED}.Release|x64.ActiveCfg = Release|x64
		{26F43F31-7863-4750-9749-590F1C4282ED}.Release|x64.Build.0 = Release|x64
		{26F43F31-7863-4750-9749-590F1C4282ED}.Release|x86.ActiveCfg = Release|Win32
		{26F43F31-7863-4750-9749-590F1C4282ED}.Release|x86.Build.0 = Release|Win32
	EndGlobalSection
	GlobalSection(SolutionProperties) = preSolution
		HideSolutionNode = FALSE
	EndGlobalSection
	GlobalSection(ExtensibilityGlobals) = postSolution
		SolutionGuid = {C8D0AAB7-7212-4A7D-A157-38A4C4B930DD}
	EndGlobalSection
EndGlobal
